
Microsoft Visual Studio Solution File, Format Version 12.00
# Visual Studio Version 17
VisualStudioVersion = 17.8.34511.84
MinimumVisualStudioVersion = 10.0.40219.1
Project("{FAE04EC0-301F-11D3-BF4B-00C04F79EFBC}") = "CityInfo.API", "CityInfo.API\CityInfo.API.csproj", "{59CEA8E7-24CC-4E0B-BE32-F111C3099EB6}"
EndProject
Global
	GlobalSection(SolutionConfigurationPlatforms) = preSolution
		Debug|Any CPU = Debug|Any CPU
		Release|Any CPU = Release|Any CPU
	EndGlobalSection
	GlobalSection(ProjectConfigurationPlatforms) = postSolution
		{59CEA8E7-24CC-4E0B-BE32-F111C3099EB6}.Debug|Any CPU.ActiveCfg = Debug|Any CPU
		{59CEA8E7-24CC-4E0B-BE32-F111C3099EB6}.Debug|Any CPU.Build.0 = Debug|Any CPU
		{59CEA8E7-24CC-4E0B-BE32-F111C3099EB6}.Release|Any CPU.ActiveCfg = Release|Any CPU
		{59CEA8E7-24CC-4E0B-BE32-F111C3099EB6}.Release|Any CPU.Build.0 = Release|Any CPU
	EndGlobalSection
	GlobalSection(SolutionProperties) = preSolution
		HideSolutionNode = FALSE
	EndGlobalSection
	GlobalSection(ExtensibilityGlobals) = postSolution
		SolutionGuid = {B23853A8-CDCA-4896-8536-DC9F660784E0}
	EndGlobalSection
EndGlobal
